
Microsoft Visual Studio Solution File, Format Version 12.00
# Visual Studio Version 17
VisualStudioVersion = 17.11.35327.3
MinimumVisualStudioVersion = 10.0.40219.1
Project("{FAE04EC0-301F-11D3-BF4B-00C04F79EFBC}") = "GUI", "GUI\GUI.csproj", "{0DBBC3C7-36C1-4221-BE93-D871A47D6CF3}"
EndProject
Global
	GlobalSection(SolutionConfigurationPlatforms) = preSolution
		Debug|Any CPU = Debug|Any CPU
		Release|Any CPU = Release|Any CPU
	EndGlobalSection
	GlobalSection(ProjectConfigurationPlatforms) = postSolution
		{0DBBC3C7-36C1-4221-BE93-D871A47D6CF3}.Debug|Any CPU.ActiveCfg = Debug|Any CPU
		{0DBBC3C7-36C1-4221-BE93-D871A47D6CF3}.Debug|Any CPU.Build.0 = Debug|Any CPU
		{0DBBC3C7-36C1-4221-BE93-D871A47D6CF3}.Release|Any CPU.ActiveCfg = Release|Any CPU
		{0DBBC3C7-36C1-4221-BE93-D871A47D6CF3}.Release|Any CPU.Build.0 = Release|Any CPU
	EndGlobalSection
	GlobalSection(SolutionProperties) = preSolution
		HideSolutionNode = FALSE
	EndGlobalSection
	GlobalSection(ExtensibilityGlobals) = postSolution
		SolutionGuid = {7B6D3B2D-DC0E-4042-B4B1-D5E25A70678A}
	EndGlobalSection
EndGlobal
